
PODS:
- AFNetworking (1.0.1)
- SSKeychain (0.1.4)
- SVProgressHUD (0.8)
- SocketRocket (0.2.0)
- ZXingObjC (HEAD based on 2.0.1)
- socket.IO (0.2.5):
  - SocketRocket (~> 0.2)

DEPENDENCIES:
- AFNetworking
- SSKeychain
- SVProgressHUD
- SocketRocket (from `git://github.com/anair/SocketRocket.git')
- ZXingObjC (HEAD)
- socket.IO (~> 0.2.5)

EXTERNAL SOURCES:
  SocketRocket:
    :git: git://github.com/anair/SocketRocket.git

SPEC CHECKSUMS:
  AFNetworking: 0bce3ae41023e080e96b8a2e0d07c94709f72a81
  SSKeychain: bae692a4354f48691ca3463a121dc8060f781a7d
  SVProgressHUD: 51042a14e3a716efdbdd73cbb2181fb23ee94389
  SocketRocket: 69053f9caabd70581bf32704922853dc745582cd
  ZXingObjC: 89b5ff1a8351c3c011e4a98be22e744e49e3dd70
  socket.IO: a71cea70efdc39f8a10d67f9f44f71bbb8c71312

COCOAPODS: 0.16.1
