
PODS:
- AFNetworking (1.0.1)
- SSKeychain (0.1.4)
- SVProgressHUD (0.8)

DEPENDENCIES:
- AFNetworking
- SSKeychain
- SVProgressHUD

SPEC CHECKSUMS:
  AFNetworking: 4c11f857c9a18d65f4257c90a1e74ac49f0ac422
  SSKeychain: bae692a4354f48691ca3463a121dc8060f781a7d
  SVProgressHUD: 51042a14e3a716efdbdd73cbb2181fb23ee94389

COCOAPODS: 0.16.0
