// !$*UTF8*$!
{
	archiveVersion = 1;
	classes = {
	};
	objectVersion = 46;
	objects = {

/* Begin PBXBuildFile section */
		25872568C99647269B8F4825 /* libPods.a in Frameworks */ = {isa = PBXBuildFile; fileRef = F9B5E67D3F6E46409EA1866E /* libPods.a */; };
		25E8BE981670B56600807CC7 /* DrugDetailViewController.m in Sources */ = {isa = PBXBuildFile; fileRef = 25E8BE971670B56600807CC7 /* DrugDetailViewController.m */; };
		25FAB33216661B62008EB8CF /* SenTestingKit.framework in Frameworks */ = {isa = PBXBuildFile; fileRef = 25FAB33116661B62008EB8CF /* SenTestingKit.framework */; };
		25FAB33316661B62008EB8CF /* UIKit.framework in Frameworks */ = {isa = PBXBuildFile; fileRef = DAC9BA021660D7FA00C36D2E /* UIKit.framework */; };
		25FAB33416661B62008EB8CF /* Foundation.framework in Frameworks */ = {isa = PBXBuildFile; fileRef = DAC9BA041660D7FA00C36D2E /* Foundation.framework */; };
		25FAB33A16661B62008EB8CF /* InfoPlist.strings in Resources */ = {isa = PBXBuildFile; fileRef = 25FAB33816661B62008EB8CF /* InfoPlist.strings */; };
		25FBF0CB166F79A800E9F129 /* DocumentViewController.m in Sources */ = {isa = PBXBuildFile; fileRef = 25FBF0CA166F79A800E9F129 /* DocumentViewController.m */; };
		2D163A201660ECCC000A65A7 /* MedicDetailViewController.m in Sources */ = {isa = PBXBuildFile; fileRef = 2D163A1F1660ECCC000A65A7 /* MedicDetailViewController.m */; };
		2D163A221660F116000A65A7 /* MapKit.framework in Frameworks */ = {isa = PBXBuildFile; fileRef = 2D163A211660F116000A65A7 /* MapKit.framework */; };
		2D163A251661021D000A65A7 /* MapViewAnnotation.m in Sources */ = {isa = PBXBuildFile; fileRef = 2D163A241661021D000A65A7 /* MapViewAnnotation.m */; };
		991F16FD1668D94A008DBAC7 /* MonthTemplateOverviewView.xib in Resources */ = {isa = PBXBuildFile; fileRef = 991F16FC1668D94A008DBAC7 /* MonthTemplateOverviewView.xib */; };
		991F17011668DE69008DBAC7 /* MonthTemplateOverviewView.m in Sources */ = {isa = PBXBuildFile; fileRef = 991F17001668DE69008DBAC7 /* MonthTemplateOverviewView.m */; };
		BA65DC771667BE80007F7140 /* ApiClient.m in Sources */ = {isa = PBXBuildFile; fileRef = BA65DC761667BE80007F7140 /* ApiClient.m */; };
		DABBFD2F1660E3F300C79B32 /* SearchViewController.m in Sources */ = {isa = PBXBuildFile; fileRef = DABBFD2D1660E3F300C79B32 /* SearchViewController.m */; };
		DABBFD341660E52800C79B32 /* AppointmentViewController.m in Sources */ = {isa = PBXBuildFile; fileRef = DABBFD331660E52800C79B32 /* AppointmentViewController.m */; };
		DAC9BA031660D7FA00C36D2E /* UIKit.framework in Frameworks */ = {isa = PBXBuildFile; fileRef = DAC9BA021660D7FA00C36D2E /* UIKit.framework */; };
		DAC9BA051660D7FA00C36D2E /* Foundation.framework in Frameworks */ = {isa = PBXBuildFile; fileRef = DAC9BA041660D7FA00C36D2E /* Foundation.framework */; };
		DAC9BA071660D7FA00C36D2E /* CoreGraphics.framework in Frameworks */ = {isa = PBXBuildFile; fileRef = DAC9BA061660D7FA00C36D2E /* CoreGraphics.framework */; };
		DAC9BA0D1660D7FA00C36D2E /* InfoPlist.strings in Resources */ = {isa = PBXBuildFile; fileRef = DAC9BA0B1660D7FA00C36D2E /* InfoPlist.strings */; };
		DAC9BA0F1660D7FA00C36D2E /* main.m in Sources */ = {isa = PBXBuildFile; fileRef = DAC9BA0E1660D7FA00C36D2E /* main.m */; };
		DAC9BA131660D7FA00C36D2E /* AppDelegate.m in Sources */ = {isa = PBXBuildFile; fileRef = DAC9BA121660D7FA00C36D2E /* AppDelegate.m */; };
		DAC9BA161660D7FA00C36D2E /* MainStoryboard_iPhone.storyboard in Resources */ = {isa = PBXBuildFile; fileRef = DAC9BA141660D7FA00C36D2E /* MainStoryboard_iPhone.storyboard */; };
		DAC9BA191660D7FA00C36D2E /* MainStoryboard_iPad.storyboard in Resources */ = {isa = PBXBuildFile; fileRef = DAC9BA171660D7FA00C36D2E /* MainStoryboard_iPad.storyboard */; };
		DAC9BA1C1660D7FA00C36D2E /* ViewController.m in Sources */ = {isa = PBXBuildFile; fileRef = DAC9BA1B1660D7FA00C36D2E /* ViewController.m */; };
		DAEB161E1670B88F00665B1F /* DocumentModel.m in Sources */ = {isa = PBXBuildFile; fileRef = DAEB161D1670B88F00665B1F /* DocumentModel.m */; };
		DAF230D91667B91300AAE358 /* VisitingHoursModel.m in Sources */ = {isa = PBXBuildFile; fileRef = DAF230D81667B91300AAE358 /* VisitingHoursModel.m */; };
		DAF230DC1667BBA100AAE358 /* Time.m in Sources */ = {isa = PBXBuildFile; fileRef = DAF230DB1667BBA100AAE358 /* Time.m */; };
		DAF230DF1667CA2F00AAE358 /* TimeslotModel.m in Sources */ = {isa = PBXBuildFile; fileRef = DAF230DE1667CA2F00AAE358 /* TimeslotModel.m */; };
		DAF230E21667D74000AAE358 /* TimeslotTest.m in Sources */ = {isa = PBXBuildFile; fileRef = DAF230E11667D74000AAE358 /* TimeslotTest.m */; };
		DAF677F3166782F20074EDAC /* AddressModel.m in Sources */ = {isa = PBXBuildFile; fileRef = DAF677F2166782F20074EDAC /* AddressModel.m */; };
		DAF677F61667887E0074EDAC /* PatientModel.m in Sources */ = {isa = PBXBuildFile; fileRef = DAF677F51667887E0074EDAC /* PatientModel.m */; };
		DAF677F9166798A20074EDAC /* DoctorAddressTest.m in Sources */ = {isa = PBXBuildFile; fileRef = DAF677F8166798A20074EDAC /* DoctorAddressTest.m */; };
		DAF677FC16679AF60074EDAC /* PatientTest.m in Sources */ = {isa = PBXBuildFile; fileRef = DAF677FB16679AF60074EDAC /* PatientTest.m */; };
		F13335F716622A1600502A50 /* DoctorModel.m in Sources */ = {isa = PBXBuildFile; fileRef = F13335F616622A1600502A50 /* DoctorModel.m */; };
		F13335FC166231AA00502A50 /* AppointmentModel.m in Sources */ = {isa = PBXBuildFile; fileRef = F13335FB166231AA00502A50 /* AppointmentModel.m */; };
		F133360316623D2800502A50 /* AppointmentDetailViewController.m in Sources */ = {isa = PBXBuildFile; fileRef = F133360216623D2800502A50 /* AppointmentDetailViewController.m */; };
		F16BF10116625926000E5FC0 /* MakeAppointmentViewController.m in Sources */ = {isa = PBXBuildFile; fileRef = F16BF10016625926000E5FC0 /* MakeAppointmentViewController.m */; };
		F16BF10616626669000E5FC0 /* arztsuche.png in Resources */ = {isa = PBXBuildFile; fileRef = F16BF10516626669000E5FC0 /* arztsuche.png */; };
		F16BF10916626811000E5FC0 /* accessories-date.png in Resources */ = {isa = PBXBuildFile; fileRef = F16BF10816626811000E5FC0 /* accessories-date.png */; };
		F18376D616611D49005D03E5 /* AppointmentTableViewCell.m in Sources */ = {isa = PBXBuildFile; fileRef = F18376D516611D49005D03E5 /* AppointmentTableViewCell.m */; };
		F18376D816611E98005D03E5 /* detail_disclosure.jpg in Resources */ = {isa = PBXBuildFile; fileRef = F18376D716611E98005D03E5 /* detail_disclosure.jpg */; };
		F1DACB9716760828008CED8D /* slotView.m in Sources */ = {isa = PBXBuildFile; fileRef = F1DACB9616760828008CED8D /* slotView.m */; };
		F1DACB9A1676083D008CED8D /* slotView.xib in Resources */ = {isa = PBXBuildFile; fileRef = F1DACB991676083D008CED8D /* slotView.xib */; };
		F1DBD2B1167368010078CF28 /* MakeAppointmentDayViewController.m in Sources */ = {isa = PBXBuildFile; fileRef = F1DBD2AF167368010078CF28 /* MakeAppointmentDayViewController.m */; };
		F1DBD2B2167368010078CF28 /* MakeAppointmentDayViewController.xib in Resources */ = {isa = PBXBuildFile; fileRef = F1DBD2B0167368010078CF28 /* MakeAppointmentDayViewController.xib */; };
		F1E22CCD166CFA490071AA7E /* DayTemplateView.xib in Resources */ = {isa = PBXBuildFile; fileRef = F1E22CCC166CFA490071AA7E /* DayTemplateView.xib */; };
		F1E22CD0166CFB010071AA7E /* DayTemplateView.m in Sources */ = {isa = PBXBuildFile; fileRef = F1E22CCF166CFB010071AA7E /* DayTemplateView.m */; };
/* End PBXBuildFile section */

/* Begin PBXFileReference section */
		25E8BE961670B56600807CC7 /* DrugDetailViewController.h */ = {isa = PBXFileReference; fileEncoding = 4; lastKnownFileType = sourcecode.c.h; path = DrugDetailViewController.h; sourceTree = "<group>"; };
		25E8BE971670B56600807CC7 /* DrugDetailViewController.m */ = {isa = PBXFileReference; fileEncoding = 4; lastKnownFileType = sourcecode.c.objc; path = DrugDetailViewController.m; sourceTree = "<group>"; };
		25FAB33016661B62008EB8CF /* MoGOTests.octest */ = {isa = PBXFileReference; explicitFileType = wrapper.cfbundle; includeInIndex = 0; path = MoGOTests.octest; sourceTree = BUILT_PRODUCTS_DIR; };
		25FAB33116661B62008EB8CF /* SenTestingKit.framework */ = {isa = PBXFileReference; lastKnownFileType = wrapper.framework; name = SenTestingKit.framework; path = Library/Frameworks/SenTestingKit.framework; sourceTree = DEVELOPER_DIR; };
		25FAB33716661B62008EB8CF /* MoGOTests-Info.plist */ = {isa = PBXFileReference; lastKnownFileType = text.plist.xml; path = "MoGOTests-Info.plist"; sourceTree = "<group>"; };
		25FAB33916661B62008EB8CF /* en */ = {isa = PBXFileReference; lastKnownFileType = text.plist.strings; name = en; path = en.lproj/InfoPlist.strings; sourceTree = "<group>"; };
		25FAB33E16661B62008EB8CF /* MoGOTests-Prefix.pch */ = {isa = PBXFileReference; lastKnownFileType = sourcecode.c.h; path = "MoGOTests-Prefix.pch"; sourceTree = "<group>"; };
		25FBF0C9166F79A800E9F129 /* DocumentViewController.h */ = {isa = PBXFileReference; fileEncoding = 4; lastKnownFileType = sourcecode.c.h; name = DocumentViewController.h; path = ../DocumentViewController.h; sourceTree = "<group>"; };
		25FBF0CA166F79A800E9F129 /* DocumentViewController.m */ = {isa = PBXFileReference; fileEncoding = 4; lastKnownFileType = sourcecode.c.objc; name = DocumentViewController.m; path = ../DocumentViewController.m; sourceTree = "<group>"; };
		2D163A1E1660ECCC000A65A7 /* MedicDetailViewController.h */ = {isa = PBXFileReference; fileEncoding = 4; lastKnownFileType = sourcecode.c.h; name = MedicDetailViewController.h; path = ../MedicDetailViewController.h; sourceTree = "<group>"; };
		2D163A1F1660ECCC000A65A7 /* MedicDetailViewController.m */ = {isa = PBXFileReference; fileEncoding = 4; lastKnownFileType = sourcecode.c.objc; name = MedicDetailViewController.m; path = ../MedicDetailViewController.m; sourceTree = "<group>"; };
		2D163A211660F116000A65A7 /* MapKit.framework */ = {isa = PBXFileReference; lastKnownFileType = wrapper.framework; name = MapKit.framework; path = System/Library/Frameworks/MapKit.framework; sourceTree = SDKROOT; };
		2D163A231661021D000A65A7 /* MapViewAnnotation.h */ = {isa = PBXFileReference; fileEncoding = 4; lastKnownFileType = sourcecode.c.h; path = MapViewAnnotation.h; sourceTree = "<group>"; };
		2D163A241661021D000A65A7 /* MapViewAnnotation.m */ = {isa = PBXFileReference; fileEncoding = 4; lastKnownFileType = sourcecode.c.objc; path = MapViewAnnotation.m; sourceTree = "<group>"; };
		991F16FC1668D94A008DBAC7 /* MonthTemplateOverviewView.xib */ = {isa = PBXFileReference; fileEncoding = 4; lastKnownFileType = file.xib; path = MonthTemplateOverviewView.xib; sourceTree = "<group>"; };
		991F16FF1668DE69008DBAC7 /* MonthTemplateOverviewView.h */ = {isa = PBXFileReference; fileEncoding = 4; lastKnownFileType = sourcecode.c.h; path = MonthTemplateOverviewView.h; sourceTree = "<group>"; };
		991F17001668DE69008DBAC7 /* MonthTemplateOverviewView.m */ = {isa = PBXFileReference; fileEncoding = 4; lastKnownFileType = sourcecode.c.objc; path = MonthTemplateOverviewView.m; sourceTree = "<group>"; };
		997A9E158FE6449E91104A0C /* Pods.xcconfig */ = {isa = PBXFileReference; includeInIndex = 1; lastKnownFileType = text.xcconfig; name = Pods.xcconfig; path = Pods/Pods.xcconfig; sourceTree = SOURCE_ROOT; };
		BA65DC751667BE80007F7140 /* ApiClient.h */ = {isa = PBXFileReference; fileEncoding = 4; lastKnownFileType = sourcecode.c.h; path = ApiClient.h; sourceTree = "<group>"; };
		BA65DC761667BE80007F7140 /* ApiClient.m */ = {isa = PBXFileReference; fileEncoding = 4; lastKnownFileType = sourcecode.c.objc; path = ApiClient.m; sourceTree = "<group>"; };
		DABBFD2C1660E3F300C79B32 /* SearchViewController.h */ = {isa = PBXFileReference; fileEncoding = 4; lastKnownFileType = sourcecode.c.h; path = SearchViewController.h; sourceTree = "<group>"; };
		DABBFD2D1660E3F300C79B32 /* SearchViewController.m */ = {isa = PBXFileReference; fileEncoding = 4; lastKnownFileType = sourcecode.c.objc; path = SearchViewController.m; sourceTree = "<group>"; };
		DABBFD321660E52800C79B32 /* AppointmentViewController.h */ = {isa = PBXFileReference; fileEncoding = 4; lastKnownFileType = sourcecode.c.h; path = AppointmentViewController.h; sourceTree = "<group>"; };
		DABBFD331660E52800C79B32 /* AppointmentViewController.m */ = {isa = PBXFileReference; fileEncoding = 4; lastKnownFileType = sourcecode.c.objc; path = AppointmentViewController.m; sourceTree = "<group>"; };
		DAC9B9FE1660D7FA00C36D2E /* MoGO.app */ = {isa = PBXFileReference; explicitFileType = wrapper.application; includeInIndex = 0; path = MoGO.app; sourceTree = BUILT_PRODUCTS_DIR; };
		DAC9BA021660D7FA00C36D2E /* UIKit.framework */ = {isa = PBXFileReference; lastKnownFileType = wrapper.framework; name = UIKit.framework; path = System/Library/Frameworks/UIKit.framework; sourceTree = SDKROOT; };
		DAC9BA041660D7FA00C36D2E /* Foundation.framework */ = {isa = PBXFileReference; lastKnownFileType = wrapper.framework; name = Foundation.framework; path = System/Library/Frameworks/Foundation.framework; sourceTree = SDKROOT; };
		DAC9BA061660D7FA00C36D2E /* CoreGraphics.framework */ = {isa = PBXFileReference; lastKnownFileType = wrapper.framework; name = CoreGraphics.framework; path = System/Library/Frameworks/CoreGraphics.framework; sourceTree = SDKROOT; };
		DAC9BA0A1660D7FA00C36D2E /* MoGO-Info.plist */ = {isa = PBXFileReference; lastKnownFileType = text.plist.xml; path = "MoGO-Info.plist"; sourceTree = "<group>"; };
		DAC9BA0C1660D7FA00C36D2E /* en */ = {isa = PBXFileReference; lastKnownFileType = text.plist.strings; name = en; path = en.lproj/InfoPlist.strings; sourceTree = "<group>"; };
		DAC9BA0E1660D7FA00C36D2E /* main.m */ = {isa = PBXFileReference; lastKnownFileType = sourcecode.c.objc; path = main.m; sourceTree = "<group>"; };
		DAC9BA101660D7FA00C36D2E /* MoGO-Prefix.pch */ = {isa = PBXFileReference; lastKnownFileType = sourcecode.c.h; path = "MoGO-Prefix.pch"; sourceTree = "<group>"; };
		DAC9BA111660D7FA00C36D2E /* AppDelegate.h */ = {isa = PBXFileReference; lastKnownFileType = sourcecode.c.h; path = AppDelegate.h; sourceTree = "<group>"; };
		DAC9BA121660D7FA00C36D2E /* AppDelegate.m */ = {isa = PBXFileReference; lastKnownFileType = sourcecode.c.objc; path = AppDelegate.m; sourceTree = "<group>"; };
		DAC9BA151660D7FA00C36D2E /* en */ = {isa = PBXFileReference; lastKnownFileType = file.storyboard; name = en; path = en.lproj/MainStoryboard_iPhone.storyboard; sourceTree = "<group>"; };
		DAC9BA181660D7FA00C36D2E /* en */ = {isa = PBXFileReference; lastKnownFileType = file.storyboard; name = en; path = en.lproj/MainStoryboard_iPad.storyboard; sourceTree = "<group>"; };
		DAC9BA1A1660D7FA00C36D2E /* ViewController.h */ = {isa = PBXFileReference; lastKnownFileType = sourcecode.c.h; path = ViewController.h; sourceTree = "<group>"; };
		DAC9BA1B1660D7FA00C36D2E /* ViewController.m */ = {isa = PBXFileReference; lastKnownFileType = sourcecode.c.objc; path = ViewController.m; sourceTree = "<group>"; };
		DAEB161C1670B88F00665B1F /* DocumentModel.h */ = {isa = PBXFileReference; fileEncoding = 4; lastKnownFileType = sourcecode.c.h; path = DocumentModel.h; sourceTree = "<group>"; };
		DAEB161D1670B88F00665B1F /* DocumentModel.m */ = {isa = PBXFileReference; fileEncoding = 4; lastKnownFileType = sourcecode.c.objc; path = DocumentModel.m; sourceTree = "<group>"; };
		DAF230D71667B91300AAE358 /* VisitingHoursModel.h */ = {isa = PBXFileReference; fileEncoding = 4; lastKnownFileType = sourcecode.c.h; path = VisitingHoursModel.h; sourceTree = "<group>"; };
		DAF230D81667B91300AAE358 /* VisitingHoursModel.m */ = {isa = PBXFileReference; fileEncoding = 4; lastKnownFileType = sourcecode.c.objc; path = VisitingHoursModel.m; sourceTree = "<group>"; };
		DAF230DA1667BBA100AAE358 /* Time.h */ = {isa = PBXFileReference; fileEncoding = 4; lastKnownFileType = sourcecode.c.h; path = Time.h; sourceTree = "<group>"; };
		DAF230DB1667BBA100AAE358 /* Time.m */ = {isa = PBXFileReference; fileEncoding = 4; lastKnownFileType = sourcecode.c.objc; path = Time.m; sourceTree = "<group>"; };
		DAF230DD1667CA2F00AAE358 /* TimeslotModel.h */ = {isa = PBXFileReference; fileEncoding = 4; lastKnownFileType = sourcecode.c.h; path = TimeslotModel.h; sourceTree = "<group>"; };
		DAF230DE1667CA2F00AAE358 /* TimeslotModel.m */ = {isa = PBXFileReference; fileEncoding = 4; lastKnownFileType = sourcecode.c.objc; path = TimeslotModel.m; sourceTree = "<group>"; };
		DAF230E01667D74000AAE358 /* TimeslotTest.h */ = {isa = PBXFileReference; fileEncoding = 4; lastKnownFileType = sourcecode.c.h; path = TimeslotTest.h; sourceTree = "<group>"; };
		DAF230E11667D74000AAE358 /* TimeslotTest.m */ = {isa = PBXFileReference; fileEncoding = 4; lastKnownFileType = sourcecode.c.objc; path = TimeslotTest.m; sourceTree = "<group>"; };
		DAF677F1166782F20074EDAC /* AddressModel.h */ = {isa = PBXFileReference; fileEncoding = 4; lastKnownFileType = sourcecode.c.h; path = AddressModel.h; sourceTree = "<group>"; };
		DAF677F2166782F20074EDAC /* AddressModel.m */ = {isa = PBXFileReference; fileEncoding = 4; lastKnownFileType = sourcecode.c.objc; path = AddressModel.m; sourceTree = "<group>"; };
		DAF677F41667887E0074EDAC /* PatientModel.h */ = {isa = PBXFileReference; fileEncoding = 4; lastKnownFileType = sourcecode.c.h; path = PatientModel.h; sourceTree = "<group>"; };
		DAF677F51667887E0074EDAC /* PatientModel.m */ = {isa = PBXFileReference; fileEncoding = 4; lastKnownFileType = sourcecode.c.objc; path = PatientModel.m; sourceTree = "<group>"; };
		DAF677F7166798A20074EDAC /* DoctorAddressTest.h */ = {isa = PBXFileReference; fileEncoding = 4; lastKnownFileType = sourcecode.c.h; path = DoctorAddressTest.h; sourceTree = "<group>"; };
		DAF677F8166798A20074EDAC /* DoctorAddressTest.m */ = {isa = PBXFileReference; fileEncoding = 4; lastKnownFileType = sourcecode.c.objc; path = DoctorAddressTest.m; sourceTree = "<group>"; };
		DAF677FA16679AF60074EDAC /* PatientTest.h */ = {isa = PBXFileReference; fileEncoding = 4; lastKnownFileType = sourcecode.c.h; path = PatientTest.h; sourceTree = "<group>"; };
		DAF677FB16679AF60074EDAC /* PatientTest.m */ = {isa = PBXFileReference; fileEncoding = 4; lastKnownFileType = sourcecode.c.objc; path = PatientTest.m; sourceTree = "<group>"; };
		F13335F516622A1600502A50 /* DoctorModel.h */ = {isa = PBXFileReference; fileEncoding = 4; lastKnownFileType = sourcecode.c.h; path = DoctorModel.h; sourceTree = "<group>"; };
		F13335F616622A1600502A50 /* DoctorModel.m */ = {isa = PBXFileReference; fileEncoding = 4; lastKnownFileType = sourcecode.c.objc; path = DoctorModel.m; sourceTree = "<group>"; };
		F13335FA166231AA00502A50 /* AppointmentModel.h */ = {isa = PBXFileReference; fileEncoding = 4; lastKnownFileType = sourcecode.c.h; path = AppointmentModel.h; sourceTree = "<group>"; };
		F13335FB166231AA00502A50 /* AppointmentModel.m */ = {isa = PBXFileReference; fileEncoding = 4; lastKnownFileType = sourcecode.c.objc; path = AppointmentModel.m; sourceTree = "<group>"; };
		F133360116623D2800502A50 /* AppointmentDetailViewController.h */ = {isa = PBXFileReference; fileEncoding = 4; lastKnownFileType = sourcecode.c.h; path = AppointmentDetailViewController.h; sourceTree = "<group>"; };
		F133360216623D2800502A50 /* AppointmentDetailViewController.m */ = {isa = PBXFileReference; fileEncoding = 4; lastKnownFileType = sourcecode.c.objc; path = AppointmentDetailViewController.m; sourceTree = "<group>"; };
		F16BF0FF16625926000E5FC0 /* MakeAppointmentViewController.h */ = {isa = PBXFileReference; fileEncoding = 4; lastKnownFileType = sourcecode.c.h; name = MakeAppointmentViewController.h; path = ../MakeAppointmentViewController.h; sourceTree = "<group>"; };
		F16BF10016625926000E5FC0 /* MakeAppointmentViewController.m */ = {isa = PBXFileReference; fileEncoding = 4; lastKnownFileType = sourcecode.c.objc; name = MakeAppointmentViewController.m; path = ../MakeAppointmentViewController.m; sourceTree = "<group>"; };
		F16BF10516626669000E5FC0 /* arztsuche.png */ = {isa = PBXFileReference; lastKnownFileType = image.png; path = arztsuche.png; sourceTree = "<group>"; };
		F16BF10816626811000E5FC0 /* accessories-date.png */ = {isa = PBXFileReference; lastKnownFileType = image.png; path = "accessories-date.png"; sourceTree = "<group>"; };
		F18376D416611D49005D03E5 /* AppointmentTableViewCell.h */ = {isa = PBXFileReference; fileEncoding = 4; lastKnownFileType = sourcecode.c.h; path = AppointmentTableViewCell.h; sourceTree = "<group>"; };
		F18376D516611D49005D03E5 /* AppointmentTableViewCell.m */ = {isa = PBXFileReference; fileEncoding = 4; lastKnownFileType = sourcecode.c.objc; path = AppointmentTableViewCell.m; sourceTree = "<group>"; };
		F18376D716611E98005D03E5 /* detail_disclosure.jpg */ = {isa = PBXFileReference; lastKnownFileType = image.jpeg; path = detail_disclosure.jpg; sourceTree = "<group>"; };
		F1DACB9516760828008CED8D /* slotView.h */ = {isa = PBXFileReference; fileEncoding = 4; lastKnownFileType = sourcecode.c.h; path = slotView.h; sourceTree = "<group>"; };
		F1DACB9616760828008CED8D /* slotView.m */ = {isa = PBXFileReference; fileEncoding = 4; lastKnownFileType = sourcecode.c.objc; path = slotView.m; sourceTree = "<group>"; };
		F1DACB991676083D008CED8D /* slotView.xib */ = {isa = PBXFileReference; fileEncoding = 4; lastKnownFileType = file.xib; path = slotView.xib; sourceTree = "<group>"; };
		F1DBD2AE167368010078CF28 /* MakeAppointmentDayViewController.h */ = {isa = PBXFileReference; fileEncoding = 4; lastKnownFileType = sourcecode.c.h; path = MakeAppointmentDayViewController.h; sourceTree = "<group>"; };
		F1DBD2AF167368010078CF28 /* MakeAppointmentDayViewController.m */ = {isa = PBXFileReference; fileEncoding = 4; lastKnownFileType = sourcecode.c.objc; path = MakeAppointmentDayViewController.m; sourceTree = "<group>"; };
		F1DBD2B0167368010078CF28 /* MakeAppointmentDayViewController.xib */ = {isa = PBXFileReference; fileEncoding = 4; lastKnownFileType = file.xib; path = MakeAppointmentDayViewController.xib; sourceTree = "<group>"; };
		F1E22CCC166CFA490071AA7E /* DayTemplateView.xib */ = {isa = PBXFileReference; fileEncoding = 4; lastKnownFileType = file.xib; path = DayTemplateView.xib; sourceTree = "<group>"; };
		F1E22CCE166CFB010071AA7E /* DayTemplateView.h */ = {isa = PBXFileReference; fileEncoding = 4; lastKnownFileType = sourcecode.c.h; path = DayTemplateView.h; sourceTree = "<group>"; };
		F1E22CCF166CFB010071AA7E /* DayTemplateView.m */ = {isa = PBXFileReference; fileEncoding = 4; lastKnownFileType = sourcecode.c.objc; path = DayTemplateView.m; sourceTree = "<group>"; };
		F9B5E67D3F6E46409EA1866E /* libPods.a */ = {isa = PBXFileReference; explicitFileType = archive.ar; includeInIndex = 0; path = libPods.a; sourceTree = BUILT_PRODUCTS_DIR; };
/* End PBXFileReference section */

/* Begin PBXFrameworksBuildPhase section */
		25FAB32C16661B62008EB8CF /* Frameworks */ = {
			isa = PBXFrameworksBuildPhase;
			buildActionMask = 2147483647;
			files = (
				25FAB33216661B62008EB8CF /* SenTestingKit.framework in Frameworks */,
				25FAB33316661B62008EB8CF /* UIKit.framework in Frameworks */,
				25FAB33416661B62008EB8CF /* Foundation.framework in Frameworks */,
			);
			runOnlyForDeploymentPostprocessing = 0;
		};
		DAC9B9FB1660D7FA00C36D2E /* Frameworks */ = {
			isa = PBXFrameworksBuildPhase;
			buildActionMask = 2147483647;
			files = (
				2D163A221660F116000A65A7 /* MapKit.framework in Frameworks */,
				DAC9BA031660D7FA00C36D2E /* UIKit.framework in Frameworks */,
				DAC9BA051660D7FA00C36D2E /* Foundation.framework in Frameworks */,
				DAC9BA071660D7FA00C36D2E /* CoreGraphics.framework in Frameworks */,
				25872568C99647269B8F4825 /* libPods.a in Frameworks */,
			);
			runOnlyForDeploymentPostprocessing = 0;
		};
/* End PBXFrameworksBuildPhase section */

/* Begin PBXGroup section */
		25FAB33516661B62008EB8CF /* MoGOTests */ = {
			isa = PBXGroup;
			children = (
				DAF677F7166798A20074EDAC /* DoctorAddressTest.h */,
				DAF677F8166798A20074EDAC /* DoctorAddressTest.m */,
				DAF677FA16679AF60074EDAC /* PatientTest.h */,
				DAF677FB16679AF60074EDAC /* PatientTest.m */,
				DAF230E01667D74000AAE358 /* TimeslotTest.h */,
				DAF230E11667D74000AAE358 /* TimeslotTest.m */,
				25FAB33616661B62008EB8CF /* Supporting Files */,
			);
			path = MoGOTests;
			sourceTree = "<group>";
		};
		25FAB33616661B62008EB8CF /* Supporting Files */ = {
			isa = PBXGroup;
			children = (
				25FAB33716661B62008EB8CF /* MoGOTests-Info.plist */,
				25FAB33816661B62008EB8CF /* InfoPlist.strings */,
				25FAB33E16661B62008EB8CF /* MoGOTests-Prefix.pch */,
			);
			name = "Supporting Files";
			sourceTree = "<group>";
		};
		DAC9B9F31660D7F900C36D2E = {
			isa = PBXGroup;
			children = (
				DAC9BA081660D7FA00C36D2E /* MoGO */,
				25FAB33516661B62008EB8CF /* MoGOTests */,
				DAC9BA011660D7FA00C36D2E /* Frameworks */,
				DAC9B9FF1660D7FA00C36D2E /* Products */,
				997A9E158FE6449E91104A0C /* Pods.xcconfig */,
			);
			sourceTree = "<group>";
		};
		DAC9B9FF1660D7FA00C36D2E /* Products */ = {
			isa = PBXGroup;
			children = (
				DAC9B9FE1660D7FA00C36D2E /* MoGO.app */,
				25FAB33016661B62008EB8CF /* MoGOTests.octest */,
			);
			name = Products;
			sourceTree = "<group>";
		};
		DAC9BA011660D7FA00C36D2E /* Frameworks */ = {
			isa = PBXGroup;
			children = (
				2D163A211660F116000A65A7 /* MapKit.framework */,
				DAC9BA021660D7FA00C36D2E /* UIKit.framework */,
				DAC9BA041660D7FA00C36D2E /* Foundation.framework */,
				DAC9BA061660D7FA00C36D2E /* CoreGraphics.framework */,
				25FAB33116661B62008EB8CF /* SenTestingKit.framework */,
				F9B5E67D3F6E46409EA1866E /* libPods.a */,
			);
			name = Frameworks;
			sourceTree = "<group>";
		};
		DAC9BA081660D7FA00C36D2E /* MoGO */ = {
			isa = PBXGroup;
			children = (
				F18376D716611E98005D03E5 /* detail_disclosure.jpg */,
				F13335F91662317300502A50 /* DataModel */,
				F16BF10716626675000E5FC0 /* icons */,
				F1DBD2AE167368010078CF28 /* MakeAppointmentDayViewController.h */,
				F1DBD2AF167368010078CF28 /* MakeAppointmentDayViewController.m */,
				F1DBD2B0167368010078CF28 /* MakeAppointmentDayViewController.xib */,
				991F16FC1668D94A008DBAC7 /* MonthTemplateOverviewView.xib */,
				991F16FF1668DE69008DBAC7 /* MonthTemplateOverviewView.h */,
				991F17001668DE69008DBAC7 /* MonthTemplateOverviewView.m */,
				F1DACB991676083D008CED8D /* slotView.xib */,
				F1DACB9516760828008CED8D /* slotView.h */,
				F1DACB9616760828008CED8D /* slotView.m */,
				F1E22CCC166CFA490071AA7E /* DayTemplateView.xib */,
				F1E22CCE166CFB010071AA7E /* DayTemplateView.h */,
				F1E22CCF166CFB010071AA7E /* DayTemplateView.m */,
				F16BF0FF16625926000E5FC0 /* MakeAppointmentViewController.h */,
				F16BF10016625926000E5FC0 /* MakeAppointmentViewController.m */,
				DAC9BA111660D7FA00C36D2E /* AppDelegate.h */,
				DAC9BA121660D7FA00C36D2E /* AppDelegate.m */,
				BA65DC751667BE80007F7140 /* ApiClient.h */,
				BA65DC761667BE80007F7140 /* ApiClient.m */,
				25FBF0C9166F79A800E9F129 /* DocumentViewController.h */,
				25FBF0CA166F79A800E9F129 /* DocumentViewController.m */,
				25E8BE961670B56600807CC7 /* DrugDetailViewController.h */,
				25E8BE971670B56600807CC7 /* DrugDetailViewController.m */,
				2D163A1E1660ECCC000A65A7 /* MedicDetailViewController.h */,
				2D163A1F1660ECCC000A65A7 /* MedicDetailViewController.m */,
				2D163A231661021D000A65A7 /* MapViewAnnotation.h */,
				2D163A241661021D000A65A7 /* MapViewAnnotation.m */,
				DAC9BA141660D7FA00C36D2E /* MainStoryboard_iPhone.storyboard */,
				DAC9BA171660D7FA00C36D2E /* MainStoryboard_iPad.storyboard */,
				DAC9BA1A1660D7FA00C36D2E /* ViewController.h */,
				DAC9BA1B1660D7FA00C36D2E /* ViewController.m */,
				DABBFD2C1660E3F300C79B32 /* SearchViewController.h */,
				DABBFD2D1660E3F300C79B32 /* SearchViewController.m */,
				DABBFD321660E52800C79B32 /* AppointmentViewController.h */,
				DABBFD331660E52800C79B32 /* AppointmentViewController.m */,
				F133360116623D2800502A50 /* AppointmentDetailViewController.h */,
				F133360216623D2800502A50 /* AppointmentDetailViewController.m */,
				F18376D416611D49005D03E5 /* AppointmentTableViewCell.h */,
				F18376D516611D49005D03E5 /* AppointmentTableViewCell.m */,
				DAC9BA091660D7FA00C36D2E /* Supporting Files */,
			);
			path = MoGO;
			sourceTree = "<group>";
		};
		DAC9BA091660D7FA00C36D2E /* Supporting Files */ = {
			isa = PBXGroup;
			children = (
				DAC9BA0A1660D7FA00C36D2E /* MoGO-Info.plist */,
				DAC9BA0B1660D7FA00C36D2E /* InfoPlist.strings */,
				DAC9BA0E1660D7FA00C36D2E /* main.m */,
				DAC9BA101660D7FA00C36D2E /* MoGO-Prefix.pch */,
			);
			name = "Supporting Files";
			sourceTree = "<group>";
		};
		F13335F91662317300502A50 /* DataModel */ = {
			isa = PBXGroup;
			children = (
				F13335F516622A1600502A50 /* DoctorModel.h */,
				F13335F616622A1600502A50 /* DoctorModel.m */,
				F13335FA166231AA00502A50 /* AppointmentModel.h */,
				F13335FB166231AA00502A50 /* AppointmentModel.m */,
				DAF677F1166782F20074EDAC /* AddressModel.h */,
				DAF677F2166782F20074EDAC /* AddressModel.m */,
				DAF677F41667887E0074EDAC /* PatientModel.h */,
				DAF677F51667887E0074EDAC /* PatientModel.m */,
				DAF230D71667B91300AAE358 /* VisitingHoursModel.h */,
				DAF230D81667B91300AAE358 /* VisitingHoursModel.m */,
				DAF230DA1667BBA100AAE358 /* Time.h */,
				DAF230DB1667BBA100AAE358 /* Time.m */,
				DAF230DD1667CA2F00AAE358 /* TimeslotModel.h */,
				DAF230DE1667CA2F00AAE358 /* TimeslotModel.m */,
				DAEB161C1670B88F00665B1F /* DocumentModel.h */,
				DAEB161D1670B88F00665B1F /* DocumentModel.m */,
			);
			name = DataModel;
			sourceTree = "<group>";
		};
		F16BF10716626675000E5FC0 /* icons */ = {
			isa = PBXGroup;
			children = (
				F18376D716611E98005D03E5 /* detail_disclosure.jpg */,
				F16BF10816626811000E5FC0 /* accessories-date.png */,
				F16BF10516626669000E5FC0 /* arztsuche.png */,
			);
			name = icons;
			sourceTree = "<group>";
		};
/* End PBXGroup section */

/* Begin PBXNativeTarget section */
		25FAB32F16661B62008EB8CF /* MoGOTests */ = {
			isa = PBXNativeTarget;
			buildConfigurationList = 25FAB34116661B62008EB8CF /* Build configuration list for PBXNativeTarget "MoGOTests" */;
			buildPhases = (
				25FAB32B16661B62008EB8CF /* Sources */,
				25FAB32C16661B62008EB8CF /* Frameworks */,
				25FAB32D16661B62008EB8CF /* Resources */,
				25FAB32E16661B62008EB8CF /* ShellScript */,
			);
			buildRules = (
			);
			dependencies = (
			);
			name = MoGOTests;
			productName = MoGOTests;
			productReference = 25FAB33016661B62008EB8CF /* MoGOTests.octest */;
			productType = "com.apple.product-type.bundle";
		};
		DAC9B9FD1660D7FA00C36D2E /* MoGO */ = {
			isa = PBXNativeTarget;
			buildConfigurationList = DAC9BA1F1660D7FA00C36D2E /* Build configuration list for PBXNativeTarget "MoGO" */;
			buildPhases = (
				DAC9B9FA1660D7FA00C36D2E /* Sources */,
				DAC9B9FB1660D7FA00C36D2E /* Frameworks */,
				DAC9B9FC1660D7FA00C36D2E /* Resources */,
				D5A2DBF418CF4CFE8E8F0F64 /* Copy Pods Resources */,
			);
			buildRules = (
			);
			dependencies = (
			);
			name = MoGO;
			productName = MoGO;
			productReference = DAC9B9FE1660D7FA00C36D2E /* MoGO.app */;
			productType = "com.apple.product-type.application";
		};
/* End PBXNativeTarget section */

/* Begin PBXProject section */
		DAC9B9F51660D7F900C36D2E /* Project object */ = {
			isa = PBXProject;
			attributes = {
				LastUpgradeCheck = 0420;
			};
			buildConfigurationList = DAC9B9F81660D7F900C36D2E /* Build configuration list for PBXProject "MoGO" */;
			compatibilityVersion = "Xcode 3.2";
			developmentRegion = English;
			hasScannedForEncodings = 0;
			knownRegions = (
				en,
			);
			mainGroup = DAC9B9F31660D7F900C36D2E;
			productRefGroup = DAC9B9FF1660D7FA00C36D2E /* Products */;
			projectDirPath = "";
			projectRoot = "";
			targets = (
				DAC9B9FD1660D7FA00C36D2E /* MoGO */,
				25FAB32F16661B62008EB8CF /* MoGOTests */,
			);
		};
/* End PBXProject section */

/* Begin PBXResourcesBuildPhase section */
		25FAB32D16661B62008EB8CF /* Resources */ = {
			isa = PBXResourcesBuildPhase;
			buildActionMask = 2147483647;
			files = (
				25FAB33A16661B62008EB8CF /* InfoPlist.strings in Resources */,
			);
			runOnlyForDeploymentPostprocessing = 0;
		};
		DAC9B9FC1660D7FA00C36D2E /* Resources */ = {
			isa = PBXResourcesBuildPhase;
			buildActionMask = 2147483647;
			files = (
				DAC9BA0D1660D7FA00C36D2E /* InfoPlist.strings in Resources */,
				DAC9BA161660D7FA00C36D2E /* MainStoryboard_iPhone.storyboard in Resources */,
				DAC9BA191660D7FA00C36D2E /* MainStoryboard_iPad.storyboard in Resources */,
				F18376D816611E98005D03E5 /* detail_disclosure.jpg in Resources */,
				F16BF10616626669000E5FC0 /* arztsuche.png in Resources */,
				F16BF10916626811000E5FC0 /* accessories-date.png in Resources */,
				991F16FD1668D94A008DBAC7 /* MonthTemplateOverviewView.xib in Resources */,
				F1E22CCD166CFA490071AA7E /* DayTemplateView.xib in Resources */,
				F1DBD2B2167368010078CF28 /* MakeAppointmentDayViewController.xib in Resources */,
				F1DACB9A1676083D008CED8D /* slotView.xib in Resources */,
			);
			runOnlyForDeploymentPostprocessing = 0;
		};
/* End PBXResourcesBuildPhase section */

/* Begin PBXShellScriptBuildPhase section */
		25FAB32E16661B62008EB8CF /* ShellScript */ = {
			isa = PBXShellScriptBuildPhase;
			buildActionMask = 2147483647;
			files = (
			);
			inputPaths = (
			);
			outputPaths = (
			);
			runOnlyForDeploymentPostprocessing = 0;
			shellPath = /bin/sh;
			shellScript = "# Run the unit tests in this test bundle.\n\"${SYSTEM_DEVELOPER_DIR}/Tools/RunUnitTests\"\n";
		};
		D5A2DBF418CF4CFE8E8F0F64 /* Copy Pods Resources */ = {
			isa = PBXShellScriptBuildPhase;
			buildActionMask = 2147483647;
			files = (
			);
			inputPaths = (
			);
			name = "Copy Pods Resources";
			outputPaths = (
			);
			runOnlyForDeploymentPostprocessing = 0;
			shellPath = /bin/sh;
			shellScript = "\"${SRCROOT}/Pods/Pods-resources.sh\"\n";
		};
/* End PBXShellScriptBuildPhase section */

/* Begin PBXSourcesBuildPhase section */
		25FAB32B16661B62008EB8CF /* Sources */ = {
			isa = PBXSourcesBuildPhase;
			buildActionMask = 2147483647;
			files = (
				DAF677F9166798A20074EDAC /* DoctorAddressTest.m in Sources */,
				DAF677FC16679AF60074EDAC /* PatientTest.m in Sources */,
				DAF230E21667D74000AAE358 /* TimeslotTest.m in Sources */,
			);
			runOnlyForDeploymentPostprocessing = 0;
		};
		DAC9B9FA1660D7FA00C36D2E /* Sources */ = {
			isa = PBXSourcesBuildPhase;
			buildActionMask = 2147483647;
			files = (
				DAC9BA0F1660D7FA00C36D2E /* main.m in Sources */,
				DAC9BA131660D7FA00C36D2E /* AppDelegate.m in Sources */,
				DAC9BA1C1660D7FA00C36D2E /* ViewController.m in Sources */,
				DABBFD2F1660E3F300C79B32 /* SearchViewController.m in Sources */,
				DABBFD341660E52800C79B32 /* AppointmentViewController.m in Sources */,
				F18376D616611D49005D03E5 /* AppointmentTableViewCell.m in Sources */,
				2D163A201660ECCC000A65A7 /* MedicDetailViewController.m in Sources */,
				2D163A251661021D000A65A7 /* MapViewAnnotation.m in Sources */,
				F133360316623D2800502A50 /* AppointmentDetailViewController.m in Sources */,
				F13335F716622A1600502A50 /* DoctorModel.m in Sources */,
				F13335FC166231AA00502A50 /* AppointmentModel.m in Sources */,
				DAF677F3166782F20074EDAC /* AddressModel.m in Sources */,
				DAF677F61667887E0074EDAC /* PatientModel.m in Sources */,
				BA65DC771667BE80007F7140 /* ApiClient.m in Sources */,
				DAF230D91667B91300AAE358 /* VisitingHoursModel.m in Sources */,
				DAF230DC1667BBA100AAE358 /* Time.m in Sources */,
				DAF230DF1667CA2F00AAE358 /* TimeslotModel.m in Sources */,
				25FBF0CB166F79A800E9F129 /* DocumentViewController.m in Sources */,
				25E8BE981670B56600807CC7 /* DrugDetailViewController.m in Sources */,
				DAEB161E1670B88F00665B1F /* DocumentModel.m in Sources */,
				F16BF10116625926000E5FC0 /* MakeAppointmentViewController.m in Sources */,
				991F17011668DE69008DBAC7 /* MonthTemplateOverviewView.m in Sources */,
				F1E22CD0166CFB010071AA7E /* DayTemplateView.m in Sources */,
				F1DBD2B1167368010078CF28 /* MakeAppointmentDayViewController.m in Sources */,
				F1DACB9716760828008CED8D /* slotView.m in Sources */,
			);
			runOnlyForDeploymentPostprocessing = 0;
		};
/* End PBXSourcesBuildPhase section */

/* Begin PBXVariantGroup section */
		25FAB33816661B62008EB8CF /* InfoPlist.strings */ = {
			isa = PBXVariantGroup;
			children = (
				25FAB33916661B62008EB8CF /* en */,
			);
			name = InfoPlist.strings;
			sourceTree = "<group>";
		};
		DAC9BA0B1660D7FA00C36D2E /* InfoPlist.strings */ = {
			isa = PBXVariantGroup;
			children = (
				DAC9BA0C1660D7FA00C36D2E /* en */,
			);
			name = InfoPlist.strings;
			sourceTree = "<group>";
		};
		DAC9BA141660D7FA00C36D2E /* MainStoryboard_iPhone.storyboard */ = {
			isa = PBXVariantGroup;
			children = (
				DAC9BA151660D7FA00C36D2E /* en */,
			);
			name = MainStoryboard_iPhone.storyboard;
			sourceTree = "<group>";
		};
		DAC9BA171660D7FA00C36D2E /* MainStoryboard_iPad.storyboard */ = {
			isa = PBXVariantGroup;
			children = (
				DAC9BA181660D7FA00C36D2E /* en */,
			);
			name = MainStoryboard_iPad.storyboard;
			sourceTree = "<group>";
		};
/* End PBXVariantGroup section */

/* Begin XCBuildConfiguration section */
		25FAB33F16661B62008EB8CF /* Debug */ = {
			isa = XCBuildConfiguration;
			buildSettings = {
				BUNDLE_LOADER = "$(BUILT_PRODUCTS_DIR)/MoGO.app/MoGO";
				CLANG_CXX_LANGUAGE_STANDARD = "gnu++0x";
				CLANG_CXX_LIBRARY = "libc++";
				CLANG_WARN_EMPTY_BODY = YES;
				CLANG_WARN__DUPLICATE_METHOD_MATCH = YES;
				FRAMEWORK_SEARCH_PATHS = (
					"\"$(SDKROOT)/Developer/Library/Frameworks\"",
					"\"$(DEVELOPER_LIBRARY_DIR)/Frameworks\"",
				);
				GCC_PRECOMPILE_PREFIX_HEADER = YES;
				GCC_PREFIX_HEADER = "MoGOTests/MoGOTests-Prefix.pch";
				GCC_WARN_UNINITIALIZED_AUTOS = YES;
				INFOPLIST_FILE = "MoGOTests/MoGOTests-Info.plist";
				IPHONEOS_DEPLOYMENT_TARGET = 6.0;
				ONLY_ACTIVE_ARCH = YES;
				PRODUCT_NAME = "$(TARGET_NAME)";
				TEST_HOST = "$(BUNDLE_LOADER)";
				WRAPPER_EXTENSION = octest;
			};
			name = Debug;
		};
		25FAB34016661B62008EB8CF /* Release */ = {
			isa = XCBuildConfiguration;
			buildSettings = {
				BUNDLE_LOADER = "$(BUILT_PRODUCTS_DIR)/MoGO.app/MoGO";
				CLANG_CXX_LANGUAGE_STANDARD = "gnu++0x";
				CLANG_CXX_LIBRARY = "libc++";
				CLANG_WARN_EMPTY_BODY = YES;
				CLANG_WARN__DUPLICATE_METHOD_MATCH = YES;
				FRAMEWORK_SEARCH_PATHS = (
					"\"$(SDKROOT)/Developer/Library/Frameworks\"",
					"\"$(DEVELOPER_LIBRARY_DIR)/Frameworks\"",
				);
				GCC_PRECOMPILE_PREFIX_HEADER = YES;
				GCC_PREFIX_HEADER = "MoGOTests/MoGOTests-Prefix.pch";
				GCC_WARN_UNINITIALIZED_AUTOS = YES;
				INFOPLIST_FILE = "MoGOTests/MoGOTests-Info.plist";
				IPHONEOS_DEPLOYMENT_TARGET = 6.0;
				PRODUCT_NAME = "$(TARGET_NAME)";
				TEST_HOST = "$(BUNDLE_LOADER)";
				WRAPPER_EXTENSION = octest;
			};
			name = Release;
		};
		DAC9BA1D1660D7FA00C36D2E /* Debug */ = {
			isa = XCBuildConfiguration;
			buildSettings = {
				ALWAYS_SEARCH_USER_PATHS = NO;
				ARCHS = "$(ARCHS_STANDARD_32_BIT)";
				CLANG_ENABLE_OBJC_ARC = YES;
				"CODE_SIGN_IDENTITY[sdk=iphoneos*]" = "iPhone Developer";
				COPY_PHASE_STRIP = NO;
				GCC_C_LANGUAGE_STANDARD = gnu99;
				GCC_DYNAMIC_NO_PIC = NO;
				GCC_OPTIMIZATION_LEVEL = 0;
				GCC_PREPROCESSOR_DEFINITIONS = (
					"DEBUG=1",
					"$(inherited)",
				);
				GCC_SYMBOLS_PRIVATE_EXTERN = NO;
				GCC_VERSION = com.apple.compilers.llvm.clang.1_0;
				GCC_WARN_ABOUT_MISSING_PROTOTYPES = YES;
				GCC_WARN_ABOUT_RETURN_TYPE = YES;
				GCC_WARN_UNUSED_VARIABLE = YES;
				IPHONEOS_DEPLOYMENT_TARGET = 5.0;
				SDKROOT = iphoneos;
				TARGETED_DEVICE_FAMILY = "1,2";
			};
			name = Debug;
		};
		DAC9BA1E1660D7FA00C36D2E /* Release */ = {
			isa = XCBuildConfiguration;
			buildSettings = {
				ALWAYS_SEARCH_USER_PATHS = NO;
				ARCHS = "$(ARCHS_STANDARD_32_BIT)";
				CLANG_ENABLE_OBJC_ARC = YES;
				"CODE_SIGN_IDENTITY[sdk=iphoneos*]" = "iPhone Developer";
				COPY_PHASE_STRIP = YES;
				GCC_C_LANGUAGE_STANDARD = gnu99;
				GCC_VERSION = com.apple.compilers.llvm.clang.1_0;
				GCC_WARN_ABOUT_MISSING_PROTOTYPES = YES;
				GCC_WARN_ABOUT_RETURN_TYPE = YES;
				GCC_WARN_UNUSED_VARIABLE = YES;
				IPHONEOS_DEPLOYMENT_TARGET = 5.0;
				OTHER_CFLAGS = "-DNS_BLOCK_ASSERTIONS=1";
				SDKROOT = iphoneos;
				TARGETED_DEVICE_FAMILY = "1,2";
				VALIDATE_PRODUCT = YES;
			};
			name = Release;
		};
		DAC9BA201660D7FA00C36D2E /* Debug */ = {
			isa = XCBuildConfiguration;
			baseConfigurationReference = 997A9E158FE6449E91104A0C /* Pods.xcconfig */;
			buildSettings = {
				BUNDLE_LOADER = "";
				GCC_PRECOMPILE_PREFIX_HEADER = YES;
				GCC_PREFIX_HEADER = "MoGO/MoGO-Prefix.pch";
				INFOPLIST_FILE = "MoGO/MoGO-Info.plist";
				PRODUCT_NAME = "$(TARGET_NAME)";
				WRAPPER_EXTENSION = app;
			};
			name = Debug;
		};
		DAC9BA211660D7FA00C36D2E /* Release */ = {
			isa = XCBuildConfiguration;
			baseConfigurationReference = 997A9E158FE6449E91104A0C /* Pods.xcconfig */;
			buildSettings = {
				BUNDLE_LOADER = "";
				GCC_PRECOMPILE_PREFIX_HEADER = YES;
				GCC_PREFIX_HEADER = "MoGO/MoGO-Prefix.pch";
				INFOPLIST_FILE = "MoGO/MoGO-Info.plist";
				PRODUCT_NAME = "$(TARGET_NAME)";
				WRAPPER_EXTENSION = app;
			};
			name = Release;
		};
/* End XCBuildConfiguration section */

/* Begin XCConfigurationList section */
		25FAB34116661B62008EB8CF /* Build configuration list for PBXNativeTarget "MoGOTests" */ = {
			isa = XCConfigurationList;
			buildConfigurations = (
				25FAB33F16661B62008EB8CF /* Debug */,
				25FAB34016661B62008EB8CF /* Release */,
			);
			defaultConfigurationIsVisible = 0;
			defaultConfigurationName = Release;
		};
		DAC9B9F81660D7F900C36D2E /* Build configuration list for PBXProject "MoGO" */ = {
			isa = XCConfigurationList;
			buildConfigurations = (
				DAC9BA1D1660D7FA00C36D2E /* Debug */,
				DAC9BA1E1660D7FA00C36D2E /* Release */,
			);
			defaultConfigurationIsVisible = 0;
			defaultConfigurationName = Release;
		};
		DAC9BA1F1660D7FA00C36D2E /* Build configuration list for PBXNativeTarget "MoGO" */ = {
			isa = XCConfigurationList;
			buildConfigurations = (
				DAC9BA201660D7FA00C36D2E /* Debug */,
				DAC9BA211660D7FA00C36D2E /* Release */,
			);
			defaultConfigurationIsVisible = 0;
			defaultConfigurationName = Release;
		};
/* End XCConfigurationList section */
	};
	rootObject = DAC9B9F51660D7F900C36D2E /* Project object */;
}
